// !$*UTF8*$!
{
	archiveVersion = 1;
	classes = {
	};
	objectVersion = 46;
	objects = {

/* Begin PBXBuildFile section */
		6B3018D71E4B3A4500BC32E1 /* AppDelegate.swift in Sources */ = {isa = PBXBuildFile; fileRef = 6B3018D61E4B3A4500BC32E1 /* AppDelegate.swift */; };
		6B3018D91E4B3A4500BC32E1 /* ViewController.swift in Sources */ = {isa = PBXBuildFile; fileRef = 6B3018D81E4B3A4500BC32E1 /* ViewController.swift */; };
		6B3018DC1E4B3A4500BC32E1 /* Main.storyboard in Resources */ = {isa = PBXBuildFile; fileRef = 6B3018DA1E4B3A4500BC32E1 /* Main.storyboard */; };
		6B3018DE1E4B3A4500BC32E1 /* Assets.xcassets in Resources */ = {isa = PBXBuildFile; fileRef = 6B3018DD1E4B3A4500BC32E1 /* Assets.xcassets */; };
		6B3018E11E4B3A4500BC32E1 /* LaunchScreen.storyboard in Resources */ = {isa = PBXBuildFile; fileRef = 6B3018DF1E4B3A4500BC32E1 /* LaunchScreen.storyboard */; };
		6B3018EC1E4B3A4500BC32E1 /* DestroyTheWorldTests.swift in Sources */ = {isa = PBXBuildFile; fileRef = 6B3018EB1E4B3A4500BC32E1 /* DestroyTheWorldTests.swift */; };
		6B3018F71E4B3A4500BC32E1 /* DestroyTheWorldUITests.swift in Sources */ = {isa = PBXBuildFile; fileRef = 6B3018F61E4B3A4500BC32E1 /* DestroyTheWorldUITests.swift */; };
/* End PBXBuildFile section */

/* Begin PBXContainerItemProxy section */
		6B3018E81E4B3A4500BC32E1 /* PBXContainerItemProxy */ = {
			isa = PBXContainerItemProxy;
			containerPortal = 6B3018CB1E4B3A4500BC32E1 /* Project object */;
			proxyType = 1;
			remoteGlobalIDString = 6B3018D21E4B3A4500BC32E1;
			remoteInfo = DestroyTheWorld;
		};
		6B3018F31E4B3A4500BC32E1 /* PBXContainerItemProxy */ = {
			isa = PBXContainerItemProxy;
			containerPortal = 6B3018CB1E4B3A4500BC32E1 /* Project object */;
			proxyType = 1;
			remoteGlobalIDString = 6B3018D21E4B3A4500BC32E1;
			remoteInfo = DestroyTheWorld;
		};
/* End PBXContainerItemProxy section */

/* Begin PBXFileReference section */
		6B3018D31E4B3A4500BC32E1 /* DestroyTheWorld.app */ = {isa = PBXFileReference; explicitFileType = wrapper.application; includeInIndex = 0; path = DestroyTheWorld.app; sourceTree = BUILT_PRODUCTS_DIR; };
		6B3018D61E4B3A4500BC32E1 /* AppDelegate.swift */ = {isa = PBXFileReference; lastKnownFileType = sourcecode.swift; path = AppDelegate.swift; sourceTree = "<group>"; };
		6B3018D81E4B3A4500BC32E1 /* ViewController.swift */ = {isa = PBXFileReference; lastKnownFileType = sourcecode.swift; path = ViewController.swift; sourceTree = "<group>"; };
		6B3018DB1E4B3A4500BC32E1 /* Base */ = {isa = PBXFileReference; lastKnownFileType = file.storyboard; name = Base; path = Base.lproj/Main.storyboard; sourceTree = "<group>"; };
		6B3018DD1E4B3A4500BC32E1 /* Assets.xcassets */ = {isa = PBXFileReference; lastKnownFileType = folder.assetcatalog; path = Assets.xcassets; sourceTree = "<group>"; };
		6B3018E01E4B3A4500BC32E1 /* Base */ = {isa = PBXFileReference; lastKnownFileType = file.storyboard; name = Base; path = Base.lproj/LaunchScreen.storyboard; sourceTree = "<group>"; };
		6B3018E21E4B3A4500BC32E1 /* Info.plist */ = {isa = PBXFileReference; lastKnownFileType = text.plist.xml; path = Info.plist; sourceTree = "<group>"; };
		6B3018E71E4B3A4500BC32E1 /* DestroyTheWorldTests.xctest */ = {isa = PBXFileReference; explicitFileType = wrapper.cfbundle; includeInIndex = 0; path = DestroyTheWorldTests.xctest; sourceTree = BUILT_PRODUCTS_DIR; };
		6B3018EB1E4B3A4500BC32E1 /* DestroyTheWorldTests.swift */ = {isa = PBXFileReference; lastKnownFileType = sourcecode.swift; path = DestroyTheWorldTests.swift; sourceTree = "<group>"; };
		6B3018ED1E4B3A4500BC32E1 /* Info.plist */ = {isa = PBXFileReference; lastKnownFileType = text.plist.xml; path = Info.plist; sourceTree = "<group>"; };
		6B3018F21E4B3A4500BC32E1 /* DestroyTheWorldUITests.xctest */ = {isa = PBXFileReference; explicitFileType = wrapper.cfbundle; includeInIndex = 0; path = DestroyTheWorldUITests.xctest; sourceTree = BUILT_PRODUCTS_DIR; };
		6B3018F61E4B3A4500BC32E1 /* DestroyTheWorldUITests.swift */ = {isa = PBXFileReference; lastKnownFileType = sourcecode.swift; path = DestroyTheWorldUITests.swift; sourceTree = "<group>"; };
		6B3018F81E4B3A4500BC32E1 /* Info.plist */ = {isa = PBXFileReference; lastKnownFileType = text.plist.xml; path = Info.plist; sourceTree = "<group>"; };
/* End PBXFileReference section */

/* Begin PBXFrameworksBuildPhase section */
		6B3018D01E4B3A4500BC32E1 /* Frameworks */ = {
			isa = PBXFrameworksBuildPhase;
			buildActionMask = 2147483647;
			files = (
			);
			runOnlyForDeploymentPostprocessing = 0;
		};
		6B3018E41E4B3A4500BC32E1 /* Frameworks */ = {
			isa = PBXFrameworksBuildPhase;
			buildActionMask = 2147483647;
			files = (
			);
			runOnlyForDeploymentPostprocessing = 0;
		};
		6B3018EF1E4B3A4500BC32E1 /* Frameworks */ = {
			isa = PBXFrameworksBuildPhase;
			buildActionMask = 2147483647;
			files = (
			);
			runOnlyForDeploymentPostprocessing = 0;
		};
/* End PBXFrameworksBuildPhase section */

/* Begin PBXGroup section */
		6B3018CA1E4B3A4500BC32E1 = {
			isa = PBXGroup;
			children = (
				6B3018D51E4B3A4500BC32E1 /* DestroyTheWorld */,
				6B3018EA1E4B3A4500BC32E1 /* DestroyTheWorldTests */,
				6B3018F51E4B3A4500BC32E1 /* DestroyTheWorldUITests */,
				6B3018D41E4B3A4500BC32E1 /* Products */,
			);
			sourceTree = "<group>";
		};
		6B3018D41E4B3A4500BC32E1 /* Products */ = {
			isa = PBXGroup;
			children = (
				6B3018D31E4B3A4500BC32E1 /* DestroyTheWorld.app */,
				6B3018E71E4B3A4500BC32E1 /* DestroyTheWorldTests.xctest */,
				6B3018F21E4B3A4500BC32E1 /* DestroyTheWorldUITests.xctest */,
			);
			name = Products;
			sourceTree = "<group>";
		};
		6B3018D51E4B3A4500BC32E1 /* DestroyTheWorld */ = {
			isa = PBXGroup;
			children = (
				6B3018D61E4B3A4500BC32E1 /* AppDelegate.swift */,
				6B3018D81E4B3A4500BC32E1 /* ViewController.swift */,
				6B3018DA1E4B3A4500BC32E1 /* Main.storyboard */,
				6B3018DD1E4B3A4500BC32E1 /* Assets.xcassets */,
				6B3018DF1E4B3A4500BC32E1 /* LaunchScreen.storyboard */,
				6B3018E21E4B3A4500BC32E1 /* Info.plist */,
			);
			path = DestroyTheWorld;
			sourceTree = "<group>";
		};
		6B3018EA1E4B3A4500BC32E1 /* DestroyTheWorldTests */ = {
			isa = PBXGroup;
			children = (
				6B3018EB1E4B3A4500BC32E1 /* DestroyTheWorldTests.swift */,
				6B3018ED1E4B3A4500BC32E1 /* Info.plist */,
			);
			path = DestroyTheWorldTests;
			sourceTree = "<group>";
		};
		6B3018F51E4B3A4500BC32E1 /* DestroyTheWorldUITests */ = {
			isa = PBXGroup;
			children = (
				6B3018F61E4B3A4500BC32E1 /* DestroyTheWorldUITests.swift */,
				6B3018F81E4B3A4500BC32E1 /* Info.plist */,
			);
			path = DestroyTheWorldUITests;
			sourceTree = "<group>";
		};
/* End PBXGroup section */

/* Begin PBXNativeTarget section */
		6B3018D21E4B3A4500BC32E1 /* DestroyTheWorld */ = {
			isa = PBXNativeTarget;
			buildConfigurationList = 6B3018FB1E4B3A4500BC32E1 /* Build configuration list for PBXNativeTarget "DestroyTheWorld" */;
			buildPhases = (
				6B3018CF1E4B3A4500BC32E1 /* Sources */,
				6B3018D01E4B3A4500BC32E1 /* Frameworks */,
				6B3018D11E4B3A4500BC32E1 /* Resources */,
			);
			buildRules = (
			);
			dependencies = (
			);
			name = DestroyTheWorld;
			productName = DestroyTheWorld;
			productReference = 6B3018D31E4B3A4500BC32E1 /* DestroyTheWorld.app */;
			productType = "com.apple.product-type.application";
		};
		6B3018E61E4B3A4500BC32E1 /* DestroyTheWorldTests */ = {
			isa = PBXNativeTarget;
			buildConfigurationList = 6B3018FE1E4B3A4500BC32E1 /* Build configuration list for PBXNativeTarget "DestroyTheWorldTests" */;
			buildPhases = (
				6B3018E31E4B3A4500BC32E1 /* Sources */,
				6B3018E41E4B3A4500BC32E1 /* Frameworks */,
				6B3018E51E4B3A4500BC32E1 /* Resources */,
			);
			buildRules = (
			);
			dependencies = (
				6B3018E91E4B3A4500BC32E1 /* PBXTargetDependency */,
			);
			name = DestroyTheWorldTests;
			productName = DestroyTheWorldTests;
			productReference = 6B3018E71E4B3A4500BC32E1 /* DestroyTheWorldTests.xctest */;
			productType = "com.apple.product-type.bundle.unit-test";
		};
		6B3018F11E4B3A4500BC32E1 /* DestroyTheWorldUITests */ = {
			isa = PBXNativeTarget;
			buildConfigurationList = 6B3019011E4B3A4500BC32E1 /* Build configuration list for PBXNativeTarget "DestroyTheWorldUITests" */;
			buildPhases = (
				6B3018EE1E4B3A4500BC32E1 /* Sources */,
				6B3018EF1E4B3A4500BC32E1 /* Frameworks */,
				6B3018F01E4B3A4500BC32E1 /* Resources */,
			);
			buildRules = (
			);
			dependencies = (
				6B3018F41E4B3A4500BC32E1 /* PBXTargetDependency */,
			);
			name = DestroyTheWorldUITests;
			productName = DestroyTheWorldUITests;
			productReference = 6B3018F21E4B3A4500BC32E1 /* DestroyTheWorldUITests.xctest */;
			productType = "com.apple.product-type.bundle.ui-testing";
		};
/* End PBXNativeTarget section */

/* Begin PBXProject section */
		6B3018CB1E4B3A4500BC32E1 /* Project object */ = {
			isa = PBXProject;
			attributes = {
				LastSwiftUpdateCheck = 0820;
				LastUpgradeCheck = 0820;
				ORGANIZATIONNAME = "Zbigniew Frysztak";
				TargetAttributes = {
					6B3018D21E4B3A4500BC32E1 = {
						CreatedOnToolsVersion = 8.2.1;
						DevelopmentTeam = 365E979UPS;
						ProvisioningStyle = Automatic;
					};
					6B3018E61E4B3A4500BC32E1 = {
						CreatedOnToolsVersion = 8.2.1;
						DevelopmentTeam = 365E979UPS;
						ProvisioningStyle = Automatic;
						TestTargetID = 6B3018D21E4B3A4500BC32E1;
					};
					6B3018F11E4B3A4500BC32E1 = {
						CreatedOnToolsVersion = 8.2.1;
						DevelopmentTeam = 365E979UPS;
						ProvisioningStyle = Automatic;
						TestTargetID = 6B3018D21E4B3A4500BC32E1;
					};
				};
			};
			buildConfigurationList = 6B3018CE1E4B3A4500BC32E1 /* Build configuration list for PBXProject "DestroyTheWorld" */;
			compatibilityVersion = "Xcode 3.2";
			developmentRegion = English;
			hasScannedForEncodings = 0;
			knownRegions = (
				en,
				Base,
			);
			mainGroup = 6B3018CA1E4B3A4500BC32E1;
			productRefGroup = 6B3018D41E4B3A4500BC32E1 /* Products */;
			projectDirPath = "";
			projectRoot = "";
			targets = (
				6B3018D21E4B3A4500BC32E1 /* DestroyTheWorld */,
				6B3018E61E4B3A4500BC32E1 /* DestroyTheWorldTests */,
				6B3018F11E4B3A4500BC32E1 /* DestroyTheWorldUITests */,
			);
		};
/* End PBXProject section */

/* Begin PBXResourcesBuildPhase section */
		6B3018D11E4B3A4500BC32E1 /* Resources */ = {
			isa = PBXResourcesBuildPhase;
			buildActionMask = 2147483647;
			files = (
				6B3018E11E4B3A4500BC32E1 /* LaunchScreen.storyboard in Resources */,
				6B3018DE1E4B3A4500BC32E1 /* Assets.xcassets in Resources */,
				6B3018DC1E4B3A4500BC32E1 /* Main.storyboard in Resources */,
			);
			runOnlyForDeploymentPostprocessing = 0;
		};
		6B3018E51E4B3A4500BC32E1 /* Resources */ = {
			isa = PBXResourcesBuildPhase;
			buildActionMask = 2147483647;
			files = (
			);
			runOnlyForDeploymentPostprocessing = 0;
		};
		6B3018F01E4B3A4500BC32E1 /* Resources */ = {
			isa = PBXResourcesBuildPhase;
			buildActionMask = 2147483647;
			files = (
			);
			runOnlyForDeploymentPostprocessing = 0;
		};
/* End PBXResourcesBuildPhase section */

/* Begin PBXSourcesBuildPhase section */
		6B3018CF1E4B3A4500BC32E1 /* Sources */ = {
			isa = PBXSourcesBuildPhase;
			buildActionMask = 2147483647;
			files = (
				6B3018D91E4B3A4500BC32E1 /* ViewController.swift in Sources */,
				6B3018D71E4B3A4500BC32E1 /* AppDelegate.swift in Sources */,
			);
			runOnlyForDeploymentPostprocessing = 0;
		};
		6B3018E31E4B3A4500BC32E1 /* Sources */ = {
			isa = PBXSourcesBuildPhase;
			buildActionMask = 2147483647;
			files = (
				6B3018EC1E4B3A4500BC32E1 /* DestroyTheWorldTests.swift in Sources */,
			);
			runOnlyForDeploymentPostprocessing = 0;
		};
		6B3018EE1E4B3A4500BC32E1 /* Sources */ = {
			isa = PBXSourcesBuildPhase;
			buildActionMask = 2147483647;
			files = (
				6B3018F71E4B3A4500BC32E1 /* DestroyTheWorldUITests.swift in Sources */,
			);
			runOnlyForDeploymentPostprocessing = 0;
		};
/* End PBXSourcesBuildPhase section */

/* Begin PBXTargetDependency section */
		6B3018E91E4B3A4500BC32E1 /* PBXTargetDependency */ = {
			isa = PBXTargetDependency;
			target = 6B3018D21E4B3A4500BC32E1 /* DestroyTheWorld */;
			targetProxy = 6B3018E81E4B3A4500BC32E1 /* PBXContainerItemProxy */;
		};
		6B3018F41E4B3A4500BC32E1 /* PBXTargetDependency */ = {
			isa = PBXTargetDependency;
			target = 6B3018D21E4B3A4500BC32E1 /* DestroyTheWorld */;
			targetProxy = 6B3018F31E4B3A4500BC32E1 /* PBXContainerItemProxy */;
		};
/* End PBXTargetDependency section */

/* Begin PBXVariantGroup section */
		6B3018DA1E4B3A4500BC32E1 /* Main.storyboard */ = {
			isa = PBXVariantGroup;
			children = (
				6B3018DB1E4B3A4500BC32E1 /* Base */,
			);
			name = Main.storyboard;
			sourceTree = "<group>";
		};
		6B3018DF1E4B3A4500BC32E1 /* LaunchScreen.storyboard */ = {
			isa = PBXVariantGroup;
			children = (
				6B3018E01E4B3A4500BC32E1 /* Base */,
			);
			name = LaunchScreen.storyboard;
			sourceTree = "<group>";
		};
/* End PBXVariantGroup section */

/* Begin XCBuildConfiguration section */
		6B3018F91E4B3A4500BC32E1 /* Debug */ = {
			isa = XCBuildConfiguration;
			buildSettings = {
				ALWAYS_SEARCH_USER_PATHS = NO;
				CLANG_ANALYZER_NONNULL = YES;
				CLANG_CXX_LANGUAGE_STANDARD = "gnu++0x";
				CLANG_CXX_LIBRARY = "libc++";
				CLANG_ENABLE_MODULES = YES;
				CLANG_ENABLE_OBJC_ARC = YES;
				CLANG_WARN_BOOL_CONVERSION = YES;
				CLANG_WARN_CONSTANT_CONVERSION = YES;
				CLANG_WARN_DIRECT_OBJC_ISA_USAGE = YES_ERROR;
				CLANG_WARN_DOCUMENTATION_COMMENTS = YES;
				CLANG_WARN_EMPTY_BODY = YES;
				CLANG_WARN_ENUM_CONVERSION = YES;
				CLANG_WARN_INFINITE_RECURSION = YES;
				CLANG_WARN_INT_CONVERSION = YES;
				CLANG_WARN_OBJC_ROOT_CLASS = YES_ERROR;
				CLANG_WARN_SUSPICIOUS_MOVE = YES;
				CLANG_WARN_UNREACHABLE_CODE = YES;
				CLANG_WARN__DUPLICATE_METHOD_MATCH = YES;
				"CODE_SIGN_IDENTITY[sdk=iphoneos*]" = "iPhone Developer";
				COPY_PHASE_STRIP = NO;
				DEBUG_INFORMATION_FORMAT = dwarf;
				ENABLE_STRICT_OBJC_MSGSEND = YES;
				ENABLE_TESTABILITY = YES;
				GCC_C_LANGUAGE_STANDARD = gnu99;
				GCC_DYNAMIC_NO_PIC = NO;
				GCC_NO_COMMON_BLOCKS = YES;
				GCC_OPTIMIZATION_LEVEL = 0;
				GCC_PREPROCESSOR_DEFINITIONS = (
					"DEBUG=1",
					"$(inherited)",
				);
				GCC_WARN_64_TO_32_BIT_CONVERSION = YES;
				GCC_WARN_ABOUT_RETURN_TYPE = YES_ERROR;
				GCC_WARN_UNDECLARED_SELECTOR = YES;
				GCC_WARN_UNINITIALIZED_AUTOS = YES_AGGRESSIVE;
				GCC_WARN_UNUSED_FUNCTION = YES;
				GCC_WARN_UNUSED_VARIABLE = YES;
				IPHONEOS_DEPLOYMENT_TARGET = 10.2;
				MTL_ENABLE_DEBUG_INFO = YES;
				ONLY_ACTIVE_ARCH = YES;
				SDKROOT = iphoneos;
				SWIFT_ACTIVE_COMPILATION_CONDITIONS = DEBUG;
				SWIFT_OPTIMIZATION_LEVEL = "-Onone";
				TARGETED_DEVICE_FAMILY = "1,2";
			};
			name = Debug;
		};
		6B3018FA1E4B3A4500BC32E1 /* Release */ = {
			isa = XCBuildConfiguration;
			buildSettings = {
				ALWAYS_SEARCH_USER_PATHS = NO;
				CLANG_ANALYZER_NONNULL = YES;
				CLANG_CXX_LANGUAGE_STANDARD = "gnu++0x";
				CLANG_CXX_LIBRARY = "libc++";
				CLANG_ENABLE_MODULES = YES;
				CLANG_ENABLE_OBJC_ARC = YES;
				CLANG_WARN_BOOL_CONVERSION = YES;
				CLANG_WARN_CONSTANT_CONVERSION = YES;
				CLANG_WARN_DIRECT_OBJC_ISA_USAGE = YES_ERROR;
				CLANG_WARN_DOCUMENTATION_COMMENTS = YES;
				CLANG_WARN_EMPTY_BODY = YES;
				CLANG_WARN_ENUM_CONVERSION = YES;
				CLANG_WARN_INFINITE_RECURSION = YES;
				CLANG_WARN_INT_CONVERSION = YES;
				CLANG_WARN_OBJC_ROOT_CLASS = YES_ERROR;
				CLANG_WARN_SUSPICIOUS_MOVE = YES;
				CLANG_WARN_UNREACHABLE_CODE = YES;
				CLANG_WARN__DUPLICATE_METHOD_MATCH = YES;
				"CODE_SIGN_IDENTITY[sdk=iphoneos*]" = "iPhone Developer";
				COPY_PHASE_STRIP = NO;
				DEBUG_INFORMATION_FORMAT = "dwarf-with-dsym";
				ENABLE_NS_ASSERTIONS = NO;
				ENABLE_STRICT_OBJC_MSGSEND = YES;
				GCC_C_LANGUAGE_STANDARD = gnu99;
				GCC_NO_COMMON_BLOCKS = YES;
				GCC_WARN_64_TO_32_BIT_CONVERSION = YES;
				GCC_WARN_ABOUT_RETURN_TYPE = YES_ERROR;
				GCC_WARN_UNDECLARED_SELECTOR = YES;
				GCC_WARN_UNINITIALIZED_AUTOS = YES_AGGRESSIVE;
				GCC_WARN_UNUSED_FUNCTION = YES;
				GCC_WARN_UNUSED_VARIABLE = YES;
				IPHONEOS_DEPLOYMENT_TARGET = 10.2;
				MTL_ENABLE_DEBUG_INFO = NO;
				SDKROOT = iphoneos;
				SWIFT_OPTIMIZATION_LEVEL = "-Owholemodule";
				TARGETED_DEVICE_FAMILY = "1,2";
				VALIDATE_PRODUCT = YES;
			};
			name = Release;
		};
		6B3018FC1E4B3A4500BC32E1 /* Debug */ = {
			isa = XCBuildConfiguration;
			buildSettings = {
				ASSETCATALOG_COMPILER_APPICON_NAME = AppIcon;
				DEVELOPMENT_TEAM = 365E979UPS;
				INFOPLIST_FILE = DestroyTheWorld/Info.plist;
				LD_RUNPATH_SEARCH_PATHS = "$(inherited) @executable_path/Frameworks";
				PRODUCT_BUNDLE_IDENTIFIER = com.zygi.DestroyTheWorld;
				PRODUCT_NAME = "$(TARGET_NAME)";
				SWIFT_VERSION = 3.0;
			};
			name = Debug;
		};
		6B3018FD1E4B3A4500BC32E1 /* Release */ = {
			isa = XCBuildConfiguration;
			buildSettings = {
				ASSETCATALOG_COMPILER_APPICON_NAME = AppIcon;
				DEVELOPMENT_TEAM = 365E979UPS;
				INFOPLIST_FILE = DestroyTheWorld/Info.plist;
				LD_RUNPATH_SEARCH_PATHS = "$(inherited) @executable_path/Frameworks";
				PRODUCT_BUNDLE_IDENTIFIER = com.zygi.DestroyTheWorld;
				PRODUCT_NAME = "$(TARGET_NAME)";
				SWIFT_VERSION = 3.0;
			};
			name = Release;
		};
		6B3018FF1E4B3A4500BC32E1 /* Debug */ = {
			isa = XCBuildConfiguration;
			buildSettings = {
				ALWAYS_EMBED_SWIFT_STANDARD_LIBRARIES = YES;
				BUNDLE_LOADER = "$(TEST_HOST)";
				DEVELOPMENT_TEAM = 365E979UPS;
				INFOPLIST_FILE = DestroyTheWorldTests/Info.plist;
				LD_RUNPATH_SEARCH_PATHS = "$(inherited) @executable_path/Frameworks @loader_path/Frameworks";
				PRODUCT_BUNDLE_IDENTIFIER = com.zygi.DestroyTheWorldTests;
				PRODUCT_NAME = "$(TARGET_NAME)";
				SWIFT_VERSION = 3.0;
				TEST_HOST = "$(BUILT_PRODUCTS_DIR)/DestroyTheWorld.app/DestroyTheWorld";
			};
			name = Debug;
		};
		6B3019001E4B3A4500BC32E1 /* Release */ = {
			isa = XCBuildConfiguration;
			buildSettings = {
				ALWAYS_EMBED_SWIFT_STANDARD_LIBRARIES = YES;
				BUNDLE_LOADER = "$(TEST_HOST)";
				DEVELOPMENT_TEAM = 365E979UPS;
				INFOPLIST_FILE = DestroyTheWorldTests/Info.plist;
				LD_RUNPATH_SEARCH_PATHS = "$(inherited) @executable_path/Frameworks @loader_path/Frameworks";
				PRODUCT_BUNDLE_IDENTIFIER = com.zygi.DestroyTheWorldTests;
				PRODUCT_NAME = "$(TARGET_NAME)";
				SWIFT_VERSION = 3.0;
				TEST_HOST = "$(BUILT_PRODUCTS_DIR)/DestroyTheWorld.app/DestroyTheWorld";
			};
			name = Release;
		};
		6B3019021E4B3A4500BC32E1 /* Debug */ = {
			isa = XCBuildConfiguration;
			buildSettings = {
				ALWAYS_EMBED_SWIFT_STANDARD_LIBRARIES = YES;
				DEVELOPMENT_TEAM = 365E979UPS;
				INFOPLIST_FILE = DestroyTheWorldUITests/Info.plist;
				LD_RUNPATH_SEARCH_PATHS = "$(inherited) @executable_path/Frameworks @loader_path/Frameworks";
				PRODUCT_BUNDLE_IDENTIFIER = com.zygi.DestroyTheWorldUITests;
				PRODUCT_NAME = "$(TARGET_NAME)";
				SWIFT_VERSION = 3.0;
				TEST_TARGET_NAME = DestroyTheWorld;
			};
			name = Debug;
		};
		6B3019031E4B3A4500BC32E1 /* Release */ = {
			isa = XCBuildConfiguration;
			buildSettings = {
				ALWAYS_EMBED_SWIFT_STANDARD_LIBRARIES = YES;
				DEVELOPMENT_TEAM = 365E979UPS;
				INFOPLIST_FILE = DestroyTheWorldUITests/Info.plist;
				LD_RUNPATH_SEARCH_PATHS = "$(inherited) @executable_path/Frameworks @loader_path/Frameworks";
				PRODUCT_BUNDLE_IDENTIFIER = com.zygi.DestroyTheWorldUITests;
				PRODUCT_NAME = "$(TARGET_NAME)";
				SWIFT_VERSION = 3.0;
				TEST_TARGET_NAME = DestroyTheWorld;
			};
			name = Release;
		};
/* End XCBuildConfiguration section */

/* Begin XCConfigurationList section */
		6B3018CE1E4B3A4500BC32E1 /* Build configuration list for PBXProject "DestroyTheWorld" */ = {
			isa = XCConfigurationList;
			buildConfigurations = (
				6B3018F91E4B3A4500BC32E1 /* Debug */,
				6B3018FA1E4B3A4500BC32E1 /* Release */,
			);
			defaultConfigurationIsVisible = 0;
			defaultConfigurationName = Release;
		};
		6B3018FB1E4B3A4500BC32E1 /* Build configuration list for PBXNativeTarget "DestroyTheWorld" */ = {
			isa = XCConfigurationList;
			buildConfigurations = (
				6B3018FC1E4B3A4500BC32E1 /* Debug */,
				6B3018FD1E4B3A4500BC32E1 /* Release */,
			);
			defaultConfigurationIsVisible = 0;
		};
		6B3018FE1E4B3A4500BC32E1 /* Build configuration list for PBXNativeTarget "DestroyTheWorldTests" */ = {
			isa = XCConfigurationList;
			buildConfigurations = (
				6B3018FF1E4B3A4500BC32E1 /* Debug */,
				6B3019001E4B3A4500BC32E1 /* Release */,
			);
			defaultConfigurationIsVisible = 0;
		};
		6B3019011E4B3A4500BC32E1 /* Build configuration list for PBXNativeTarget "DestroyTheWorldUITests" */ = {
			isa = XCConfigurationList;
			buildConfigurations = (
				6B3019021E4B3A4500BC32E1 /* Debug */,
				6B3019031E4B3A4500BC32E1 /* Release */,
			);
			defaultConfigurationIsVisible = 0;
		};
/* End XCConfigurationList section */
	};
	rootObject = 6B3018CB1E4B3A4500BC32E1 /* Project object */;
}
